// !$*UTF8*$!
{
	archiveVersion = 1;
	classes = {
	};
	objectVersion = 48;
	objects = {

/* Begin PBXBuildFile section */
		DEABFA602070953200F80986 /* main.cpp in Sources */ = {isa = PBXBuildFile; fileRef = DEABFA5F2070953200F80986 /* main.cpp */; };
		DEABFA8F2070A46900F80986 /* DemoCompilerBaseListener.cpp in Sources */ = {isa = PBXBuildFile; fileRef = DEABFA7F2070A46800F80986 /* DemoCompilerBaseListener.cpp */; };
		DEABFA902070A46900F80986 /* DemoCompilerLexer.cpp in Sources */ = {isa = PBXBuildFile; fileRef = DEABFA812070A46800F80986 /* DemoCompilerLexer.cpp */; };
		DEABFA912070A46900F80986 /* DemoCompilerParser.cpp in Sources */ = {isa = PBXBuildFile; fileRef = DEABFA832070A46800F80986 /* DemoCompilerParser.cpp */; };
		DEABFA922070A46900F80986 /* DemoCompilerVisitor.cpp in Sources */ = {isa = PBXBuildFile; fileRef = DEABFA842070A46800F80986 /* DemoCompilerVisitor.cpp */; };
		DEABFA932070A46900F80986 /* DemoCompilerBaseVisitor.cpp in Sources */ = {isa = PBXBuildFile; fileRef = DEABFA872070A46800F80986 /* DemoCompilerBaseVisitor.cpp */; };
		DEABFA942070A46900F80986 /* DemoCompilerListener.cpp in Sources */ = {isa = PBXBuildFile; fileRef = DEABFA8B2070A46800F80986 /* DemoCompilerListener.cpp */; };
		DEABFA9D2070BDBD00F80986 /* ParseTreeListener.cpp in Sources */ = {isa = PBXBuildFile; fileRef = DEABFA9B2070BDBD00F80986 /* ParseTreeListener.cpp */; };
		DEABFAA12071AD3A00F80986 /* ParseTreeVisitor.cpp in Sources */ = {isa = PBXBuildFile; fileRef = DEABFA9F2071AD3A00F80986 /* ParseTreeVisitor.cpp */; };
		DEABFAAA2071C08F00F80986 /* main.cpp in Sources */ = {isa = PBXBuildFile; fileRef = DEABFAA92071C08F00F80986 /* main.cpp */; };
		DEABFAB22071FA3C00F80986 /* LexerTests.cpp in Sources */ = {isa = PBXBuildFile; fileRef = DEABFAB02071FA3C00F80986 /* LexerTests.cpp */; };
/* End PBXBuildFile section */

/* Begin PBXCopyFilesBuildPhase section */
		DEABFA5A2070953200F80986 /* CopyFiles */ = {
			isa = PBXCopyFilesBuildPhase;
			buildActionMask = 2147483647;
			dstPath = usr/share/man/man1;
			dstSubfolderSpec = 6;
			files = (
			);
			runOnlyForDeploymentPostprocessing = 1;
		};
		DEABFAA52071C08E00F80986 /* CopyFiles */ = {
			isa = PBXCopyFilesBuildPhase;
			buildActionMask = 2147483647;
			dstPath = /usr/share/man/man1/;
			dstSubfolderSpec = 0;
			files = (
			);
			runOnlyForDeploymentPostprocessing = 1;
		};
/* End PBXCopyFilesBuildPhase section */

/* Begin PBXFileReference section */
		DEABFA5C2070953200F80986 /* DemoCompilerApp */ = {isa = PBXFileReference; explicitFileType = "compiled.mach-o.executable"; includeInIndex = 0; path = DemoCompilerApp; sourceTree = BUILT_PRODUCTS_DIR; };
		DEABFA5F2070953200F80986 /* main.cpp */ = {isa = PBXFileReference; lastKnownFileType = sourcecode.cpp.cpp; path = main.cpp; sourceTree = "<group>"; };
		DEABFA67207098AE00F80986 /* DemoCompiler.g4 */ = {isa = PBXFileReference; lastKnownFileType = text; path = DemoCompiler.g4; sourceTree = "<group>"; };
		DEABFA7F2070A46800F80986 /* DemoCompilerBaseListener.cpp */ = {isa = PBXFileReference; fileEncoding = 4; lastKnownFileType = sourcecode.cpp.cpp; path = DemoCompilerBaseListener.cpp; sourceTree = "<group>"; };
		DEABFA802070A46800F80986 /* DemoCompilerParser.h */ = {isa = PBXFileReference; fileEncoding = 4; lastKnownFileType = sourcecode.c.h; path = DemoCompilerParser.h; sourceTree = "<group>"; };
		DEABFA812070A46800F80986 /* DemoCompilerLexer.cpp */ = {isa = PBXFileReference; fileEncoding = 4; lastKnownFileType = sourcecode.cpp.cpp; path = DemoCompilerLexer.cpp; sourceTree = "<group>"; };
		DEABFA822070A46800F80986 /* DemoCompilerLexer.tokens */ = {isa = PBXFileReference; fileEncoding = 4; lastKnownFileType = text; path = DemoCompilerLexer.tokens; sourceTree = "<group>"; };
		DEABFA832070A46800F80986 /* DemoCompilerParser.cpp */ = {isa = PBXFileReference; fileEncoding = 4; lastKnownFileType = sourcecode.cpp.cpp; path = DemoCompilerParser.cpp; sourceTree = "<group>"; };
		DEABFA842070A46800F80986 /* DemoCompilerVisitor.cpp */ = {isa = PBXFileReference; fileEncoding = 4; lastKnownFileType = sourcecode.cpp.cpp; path = DemoCompilerVisitor.cpp; sourceTree = "<group>"; };
		DEABFA852070A46800F80986 /* DemoCompilerListener.h */ = {isa = PBXFileReference; fileEncoding = 4; lastKnownFileType = sourcecode.c.h; path = DemoCompilerListener.h; sourceTree = "<group>"; };
		DEABFA862070A46800F80986 /* DemoCompilerLexer.h */ = {isa = PBXFileReference; fileEncoding = 4; lastKnownFileType = sourcecode.c.h; path = DemoCompilerLexer.h; sourceTree = "<group>"; };
		DEABFA872070A46800F80986 /* DemoCompilerBaseVisitor.cpp */ = {isa = PBXFileReference; fileEncoding = 4; lastKnownFileType = sourcecode.cpp.cpp; path = DemoCompilerBaseVisitor.cpp; sourceTree = "<group>"; };
		DEABFA882070A46800F80986 /* DemoCompiler.tokens */ = {isa = PBXFileReference; fileEncoding = 4; lastKnownFileType = text; path = DemoCompiler.tokens; sourceTree = "<group>"; };
		DEABFA892070A46800F80986 /* DemoCompilerBaseVisitor.h */ = {isa = PBXFileReference; fileEncoding = 4; lastKnownFileType = sourcecode.c.h; path = DemoCompilerBaseVisitor.h; sourceTree = "<group>"; };
		DEABFA8A2070A46800F80986 /* DemoCompiler.interp */ = {isa = PBXFileReference; fileEncoding = 4; lastKnownFileType = text; path = DemoCompiler.interp; sourceTree = "<group>"; };
		DEABFA8B2070A46800F80986 /* DemoCompilerListener.cpp */ = {isa = PBXFileReference; fileEncoding = 4; lastKnownFileType = sourcecode.cpp.cpp; path = DemoCompilerListener.cpp; sourceTree = "<group>"; };
		DEABFA8C2070A46800F80986 /* DemoCompilerVisitor.h */ = {isa = PBXFileReference; fileEncoding = 4; lastKnownFileType = sourcecode.c.h; path = DemoCompilerVisitor.h; sourceTree = "<group>"; };
		DEABFA8D2070A46800F80986 /* DemoCompilerBaseListener.h */ = {isa = PBXFileReference; fileEncoding = 4; lastKnownFileType = sourcecode.c.h; path = DemoCompilerBaseListener.h; sourceTree = "<group>"; };
		DEABFA8E2070A46900F80986 /* DemoCompilerLexer.interp */ = {isa = PBXFileReference; fileEncoding = 4; lastKnownFileType = text; path = DemoCompilerLexer.interp; sourceTree = "<group>"; };
		DEABFA9B2070BDBD00F80986 /* ParseTreeListener.cpp */ = {isa = PBXFileReference; lastKnownFileType = sourcecode.cpp.cpp; path = ParseTreeListener.cpp; sourceTree = "<group>"; };
		DEABFA9C2070BDBD00F80986 /* ParseTreeListener.hpp */ = {isa = PBXFileReference; lastKnownFileType = sourcecode.cpp.h; path = ParseTreeListener.hpp; sourceTree = "<group>"; };
		DEABFA9F2071AD3A00F80986 /* ParseTreeVisitor.cpp */ = {isa = PBXFileReference; lastKnownFileType = sourcecode.cpp.cpp; path = ParseTreeVisitor.cpp; sourceTree = "<group>"; };
		DEABFAA02071AD3A00F80986 /* ParseTreeVisitor.hpp */ = {isa = PBXFileReference; lastKnownFileType = sourcecode.cpp.h; path = ParseTreeVisitor.hpp; sourceTree = "<group>"; };
		DEABFAA72071C08E00F80986 /* DemoCompilerTestApp */ = {isa = PBXFileReference; explicitFileType = "compiled.mach-o.executable"; includeInIndex = 0; path = DemoCompilerTestApp; sourceTree = BUILT_PRODUCTS_DIR; };
		DEABFAA92071C08F00F80986 /* main.cpp */ = {isa = PBXFileReference; lastKnownFileType = sourcecode.cpp.cpp; path = main.cpp; sourceTree = "<group>"; };
		DEABFAB02071FA3C00F80986 /* LexerTests.cpp */ = {isa = PBXFileReference; lastKnownFileType = sourcecode.cpp.cpp; path = LexerTests.cpp; sourceTree = "<group>"; };
		DEABFAB12071FA3C00F80986 /* LexerTests.hpp */ = {isa = PBXFileReference; lastKnownFileType = sourcecode.cpp.h; path = LexerTests.hpp; sourceTree = "<group>"; };
		DEABFAB32071FD4E00F80986 /* DemoCompilerTestCode.src */ = {isa = PBXFileReference; fileEncoding = 4; lastKnownFileType = text; path = DemoCompilerTestCode.src; sourceTree = "<group>"; };
/* End PBXFileReference section */

/* Begin PBXFrameworksBuildPhase section */
		DEABFA592070953200F80986 /* Frameworks */ = {
			isa = PBXFrameworksBuildPhase;
			buildActionMask = 2147483647;
			files = (
			);
			runOnlyForDeploymentPostprocessing = 0;
		};
		DEABFAA42071C08E00F80986 /* Frameworks */ = {
			isa = PBXFrameworksBuildPhase;
			buildActionMask = 2147483647;
			files = (
			);
			runOnlyForDeploymentPostprocessing = 0;
		};
/* End PBXFrameworksBuildPhase section */

/* Begin PBXGroup section */
		DEABFA532070953200F80986 = {
			isa = PBXGroup;
			children = (
				DEABFA662070958500F80986 /* Apps */,
				DEABFAAE2071C6B100F80986 /* Common */,
				DEABFA5D2070953200F80986 /* Products */,
			);
			sourceTree = "<group>";
		};
		DEABFA5D2070953200F80986 /* Products */ = {
			isa = PBXGroup;
			children = (
				DEABFA5C2070953200F80986 /* DemoCompilerApp */,
				DEABFAA72071C08E00F80986 /* DemoCompilerTestApp */,
			);
			name = Products;
			sourceTree = "<group>";
		};
		DEABFA5E2070953200F80986 /* DemoCompilerApp */ = {
			isa = PBXGroup;
			children = (
				DEABFAB32071FD4E00F80986 /* DemoCompilerTestCode.src */,
				DEABFA5F2070953200F80986 /* main.cpp */,
				DEABFA9F2071AD3A00F80986 /* ParseTreeVisitor.cpp */,
				DEABFAA02071AD3A00F80986 /* ParseTreeVisitor.hpp */,
				DEABFA9B2070BDBD00F80986 /* ParseTreeListener.cpp */,
				DEABFA9C2070BDBD00F80986 /* ParseTreeListener.hpp */,
			);
			path = DemoCompilerApp;
			sourceTree = "<group>";
		};
		DEABFA662070958500F80986 /* Apps */ = {
			isa = PBXGroup;
			children = (
				DEABFA5E2070953200F80986 /* DemoCompilerApp */,
				DEABFAA82071C08F00F80986 /* DemoCompilerTestApp */,
			);
			path = Apps;
			sourceTree = "<group>";
		};
		DEABFA7E2070A3FA00F80986 /* Parser */ = {
			isa = PBXGroup;
			children = (
				DEABFA67207098AE00F80986 /* DemoCompiler.g4 */,
				DEABFA8A2070A46800F80986 /* DemoCompiler.interp */,
				DEABFA882070A46800F80986 /* DemoCompiler.tokens */,
				DEABFA7F2070A46800F80986 /* DemoCompilerBaseListener.cpp */,
				DEABFA8D2070A46800F80986 /* DemoCompilerBaseListener.h */,
				DEABFA872070A46800F80986 /* DemoCompilerBaseVisitor.cpp */,
				DEABFA892070A46800F80986 /* DemoCompilerBaseVisitor.h */,
				DEABFA812070A46800F80986 /* DemoCompilerLexer.cpp */,
				DEABFA862070A46800F80986 /* DemoCompilerLexer.h */,
				DEABFA8E2070A46900F80986 /* DemoCompilerLexer.interp */,
				DEABFA822070A46800F80986 /* DemoCompilerLexer.tokens */,
				DEABFA8B2070A46800F80986 /* DemoCompilerListener.cpp */,
				DEABFA852070A46800F80986 /* DemoCompilerListener.h */,
				DEABFA832070A46800F80986 /* DemoCompilerParser.cpp */,
				DEABFA802070A46800F80986 /* DemoCompilerParser.h */,
				DEABFA842070A46800F80986 /* DemoCompilerVisitor.cpp */,
				DEABFA8C2070A46800F80986 /* DemoCompilerVisitor.h */,
			);
			path = Parser;
			sourceTree = "<group>";
		};
		DEABFAA82071C08F00F80986 /* DemoCompilerTestApp */ = {
			isa = PBXGroup;
			children = (
				DEABFAAF2071F9FB00F80986 /* UnitTests */,
				DEABFAA92071C08F00F80986 /* main.cpp */,
			);
			path = DemoCompilerTestApp;
			sourceTree = "<group>";
		};
		DEABFAAE2071C6B100F80986 /* Common */ = {
			isa = PBXGroup;
			children = (
				DEABFA7E2070A3FA00F80986 /* Parser */,
			);
			path = Common;
			sourceTree = "<group>";
		};
		DEABFAAF2071F9FB00F80986 /* UnitTests */ = {
			isa = PBXGroup;
			children = (
				DEABFAB02071FA3C00F80986 /* LexerTests.cpp */,
				DEABFAB12071FA3C00F80986 /* LexerTests.hpp */,
			);
			path = UnitTests;
			sourceTree = "<group>";
		};
/* End PBXGroup section */

/* Begin PBXNativeTarget section */
		DEABFA5B2070953200F80986 /* DemoCompilerApp */ = {
			isa = PBXNativeTarget;
			buildConfigurationList = DEABFA632070953200F80986 /* Build configuration list for PBXNativeTarget "DemoCompilerApp" */;
			buildPhases = (
				DEABFA582070953200F80986 /* Sources */,
				DEABFA592070953200F80986 /* Frameworks */,
				DEABFA5A2070953200F80986 /* CopyFiles */,
				DEABFA972070B0E600F80986 /* ShellScript */,
			);
			buildRules = (
			);
			dependencies = (
			);
			name = DemoCompilerApp;
			productName = DemoCompiler;
			productReference = DEABFA5C2070953200F80986 /* DemoCompilerApp */;
			productType = "com.apple.product-type.tool";
		};
		DEABFAA62071C08E00F80986 /* DemoCompilerTestApp */ = {
			isa = PBXNativeTarget;
			buildConfigurationList = DEABFAAB2071C08F00F80986 /* Build configuration list for PBXNativeTarget "DemoCompilerTestApp" */;
			buildPhases = (
				DEABFAA32071C08E00F80986 /* Sources */,
				DEABFAA42071C08E00F80986 /* Frameworks */,
				DEABFAA52071C08E00F80986 /* CopyFiles */,
			);
			buildRules = (
			);
			dependencies = (
			);
			name = DemoCompilerTestApp;
			productName = DemoCompilerTestApp;
			productReference = DEABFAA72071C08E00F80986 /* DemoCompilerTestApp */;
			productType = "com.apple.product-type.tool";
		};
/* End PBXNativeTarget section */

/* Begin PBXProject section */
		DEABFA542070953200F80986 /* Project object */ = {
			isa = PBXProject;
			attributes = {
				LastUpgradeCheck = 0920;
				ORGANIZATIONNAME = "Arkin Terli";
				TargetAttributes = {
					DEABFA5B2070953200F80986 = {
						CreatedOnToolsVersion = 9.2;
						ProvisioningStyle = Automatic;
					};
					DEABFAA62071C08E00F80986 = {
						CreatedOnToolsVersion = 9.2;
						ProvisioningStyle = Automatic;
					};
				};
			};
			buildConfigurationList = DEABFA572070953200F80986 /* Build configuration list for PBXProject "DemoCompiler" */;
			compatibilityVersion = "Xcode 8.0";
			developmentRegion = en;
			hasScannedForEncodings = 0;
			knownRegions = (
				en,
			);
			mainGroup = DEABFA532070953200F80986;
			productRefGroup = DEABFA5D2070953200F80986 /* Products */;
			projectDirPath = "";
			projectRoot = "";
			targets = (
				DEABFA5B2070953200F80986 /* DemoCompilerApp */,
				DEABFAA62071C08E00F80986 /* DemoCompilerTestApp */,
			);
		};
/* End PBXProject section */

/* Begin PBXShellScriptBuildPhase section */
		DEABFA972070B0E600F80986 /* ShellScript */ = {
			isa = PBXShellScriptBuildPhase;
			buildActionMask = 2147483647;
			files = (
			);
			inputPaths = (
			);
			outputPaths = (
			);
			runOnlyForDeploymentPostprocessing = 0;
			shellPath = /bin/sh;
			shellScript = "cp -rf $(SOURCE_ROOT)../Externals/ANTLR/4.7.1/Runtime/lib/libantlr4-runtime.dylib ${BUILT_PRODUCTS_DIR}\ncp -rf $(SOURCE_ROOT)Apps/DemoCompilerApp/DemoCompilerTestCode.src ${BUILT_PRODUCTS_DIR}";
		};
/* End PBXShellScriptBuildPhase section */

/* Begin PBXSourcesBuildPhase section */
		DEABFA582070953200F80986 /* Sources */ = {
			isa = PBXSourcesBuildPhase;
			buildActionMask = 2147483647;
			files = (
				DEABFA912070A46900F80986 /* DemoCompilerParser.cpp in Sources */,
				DEABFA902070A46900F80986 /* DemoCompilerLexer.cpp in Sources */,
				DEABFA8F2070A46900F80986 /* DemoCompilerBaseListener.cpp in Sources */,
				DEABFAA12071AD3A00F80986 /* ParseTreeVisitor.cpp in Sources */,
				DEABFA942070A46900F80986 /* DemoCompilerListener.cpp in Sources */,
				DEABFA932070A46900F80986 /* DemoCompilerBaseVisitor.cpp in Sources */,
				DEABFA922070A46900F80986 /* DemoCompilerVisitor.cpp in Sources */,
				DEABFA9D2070BDBD00F80986 /* ParseTreeListener.cpp in Sources */,
				DEABFA602070953200F80986 /* main.cpp in Sources */,
			);
			runOnlyForDeploymentPostprocessing = 0;
		};
		DEABFAA32071C08E00F80986 /* Sources */ = {
			isa = PBXSourcesBuildPhase;
			buildActionMask = 2147483647;
			files = (
				DEABFAB22071FA3C00F80986 /* LexerTests.cpp in Sources */,
				DEABFAAA2071C08F00F80986 /* main.cpp in Sources */,
			);
			runOnlyForDeploymentPostprocessing = 0;
		};
/* End PBXSourcesBuildPhase section */

/* Begin XCBuildConfiguration section */
		DEABFA612070953200F80986 /* Debug */ = {
			isa = XCBuildConfiguration;
			buildSettings = {
				ALWAYS_SEARCH_USER_PATHS = NO;
				CLANG_ANALYZER_NONNULL = YES;
				CLANG_ANALYZER_NUMBER_OBJECT_CONVERSION = YES_AGGRESSIVE;
				CLANG_CXX_LANGUAGE_STANDARD = "gnu++14";
				CLANG_CXX_LIBRARY = "libc++";
				CLANG_ENABLE_MODULES = YES;
				CLANG_ENABLE_OBJC_ARC = YES;
				CLANG_WARN_BLOCK_CAPTURE_AUTORELEASING = YES;
				CLANG_WARN_BOOL_CONVERSION = YES;
				CLANG_WARN_COMMA = YES;
				CLANG_WARN_CONSTANT_CONVERSION = YES;
				CLANG_WARN_DIRECT_OBJC_ISA_USAGE = YES_ERROR;
				CLANG_WARN_DOCUMENTATION_COMMENTS = YES;
				CLANG_WARN_EMPTY_BODY = YES;
				CLANG_WARN_ENUM_CONVERSION = YES;
				CLANG_WARN_INFINITE_RECURSION = YES;
				CLANG_WARN_INT_CONVERSION = YES;
				CLANG_WARN_NON_LITERAL_NULL_CONVERSION = YES;
				CLANG_WARN_OBJC_LITERAL_CONVERSION = YES;
				CLANG_WARN_OBJC_ROOT_CLASS = YES_ERROR;
				CLANG_WARN_RANGE_LOOP_ANALYSIS = YES;
				CLANG_WARN_STRICT_PROTOTYPES = YES;
				CLANG_WARN_SUSPICIOUS_MOVE = YES;
				CLANG_WARN_UNGUARDED_AVAILABILITY = YES_AGGRESSIVE;
				CLANG_WARN_UNREACHABLE_CODE = YES;
				CLANG_WARN__DUPLICATE_METHOD_MATCH = YES;
				CODE_SIGN_IDENTITY = "-";
				COPY_PHASE_STRIP = NO;
				DEBUG_INFORMATION_FORMAT = dwarf;
				ENABLE_STRICT_OBJC_MSGSEND = YES;
				ENABLE_TESTABILITY = YES;
				GCC_C_LANGUAGE_STANDARD = gnu11;
				GCC_DYNAMIC_NO_PIC = NO;
				GCC_NO_COMMON_BLOCKS = YES;
				GCC_OPTIMIZATION_LEVEL = 0;
				GCC_PREPROCESSOR_DEFINITIONS = (
					"DEBUG=1",
					"$(inherited)",
				);
				GCC_WARN_64_TO_32_BIT_CONVERSION = YES;
				GCC_WARN_ABOUT_RETURN_TYPE = YES_ERROR;
				GCC_WARN_UNDECLARED_SELECTOR = YES;
				GCC_WARN_UNINITIALIZED_AUTOS = YES_AGGRESSIVE;
				GCC_WARN_UNUSED_FUNCTION = YES;
				GCC_WARN_UNUSED_VARIABLE = YES;
				MACOSX_DEPLOYMENT_TARGET = 10.12;
				MTL_ENABLE_DEBUG_INFO = YES;
				ONLY_ACTIVE_ARCH = YES;
				SDKROOT = macosx;
			};
			name = Debug;
		};
		DEABFA622070953200F80986 /* Release */ = {
			isa = XCBuildConfiguration;
			buildSettings = {
				ALWAYS_SEARCH_USER_PATHS = NO;
				CLANG_ANALYZER_NONNULL = YES;
				CLANG_ANALYZER_NUMBER_OBJECT_CONVERSION = YES_AGGRESSIVE;
				CLANG_CXX_LANGUAGE_STANDARD = "gnu++14";
				CLANG_CXX_LIBRARY = "libc++";
				CLANG_ENABLE_MODULES = YES;
				CLANG_ENABLE_OBJC_ARC = YES;
				CLANG_WARN_BLOCK_CAPTURE_AUTORELEASING = YES;
				CLANG_WARN_BOOL_CONVERSION = YES;
				CLANG_WARN_COMMA = YES;
				CLANG_WARN_CONSTANT_CONVERSION = YES;
				CLANG_WARN_DIRECT_OBJC_ISA_USAGE = YES_ERROR;
				CLANG_WARN_DOCUMENTATION_COMMENTS = YES;
				CLANG_WARN_EMPTY_BODY = YES;
				CLANG_WARN_ENUM_CONVERSION = YES;
				CLANG_WARN_INFINITE_RECURSION = YES;
				CLANG_WARN_INT_CONVERSION = YES;
				CLANG_WARN_NON_LITERAL_NULL_CONVERSION = YES;
				CLANG_WARN_OBJC_LITERAL_CONVERSION = YES;
				CLANG_WARN_OBJC_ROOT_CLASS = YES_ERROR;
				CLANG_WARN_RANGE_LOOP_ANALYSIS = YES;
				CLANG_WARN_STRICT_PROTOTYPES = YES;
				CLANG_WARN_SUSPICIOUS_MOVE = YES;
				CLANG_WARN_UNGUARDED_AVAILABILITY = YES_AGGRESSIVE;
				CLANG_WARN_UNREACHABLE_CODE = YES;
				CLANG_WARN__DUPLICATE_METHOD_MATCH = YES;
				CODE_SIGN_IDENTITY = "-";
				COPY_PHASE_STRIP = NO;
				DEBUG_INFORMATION_FORMAT = "dwarf-with-dsym";
				ENABLE_NS_ASSERTIONS = NO;
				ENABLE_STRICT_OBJC_MSGSEND = YES;
				GCC_C_LANGUAGE_STANDARD = gnu11;
				GCC_NO_COMMON_BLOCKS = YES;
				GCC_WARN_64_TO_32_BIT_CONVERSION = YES;
				GCC_WARN_ABOUT_RETURN_TYPE = YES_ERROR;
				GCC_WARN_UNDECLARED_SELECTOR = YES;
				GCC_WARN_UNINITIALIZED_AUTOS = YES_AGGRESSIVE;
				GCC_WARN_UNUSED_FUNCTION = YES;
				GCC_WARN_UNUSED_VARIABLE = YES;
				MACOSX_DEPLOYMENT_TARGET = 10.12;
				MTL_ENABLE_DEBUG_INFO = NO;
				SDKROOT = macosx;
			};
			name = Release;
		};
		DEABFA642070953200F80986 /* Debug */ = {
			isa = XCBuildConfiguration;
			buildSettings = {
				CLANG_WARN_DOCUMENTATION_COMMENTS = NO;
				CODE_SIGN_STYLE = Automatic;
				HEADER_SEARCH_PATHS = "$(SOURCE_ROOT)/../Externals/ANTLR/4.7.1/Runtime/antlr4-runtime/";
				LIBRARY_SEARCH_PATHS = "$(SOURCE_ROOT)/../Externals/ANTLR/4.7.1/Runtime/lib";
				OTHER_LDFLAGS = "-lantlr4-runtime";
				PRODUCT_NAME = "$(TARGET_NAME)";
			};
			name = Debug;
		};
		DEABFA652070953200F80986 /* Release */ = {
			isa = XCBuildConfiguration;
			buildSettings = {
				CLANG_WARN_DOCUMENTATION_COMMENTS = NO;
				CODE_SIGN_STYLE = Automatic;
				HEADER_SEARCH_PATHS = "$(SOURCE_ROOT)/../Externals/ANTLR/4.7.1/Runtime/antlr4-runtime/";
				LIBRARY_SEARCH_PATHS = "$(SOURCE_ROOT)/../Externals/ANTLR/4.7.1/Runtime/lib";
				OTHER_LDFLAGS = "-lantlr4-runtime";
				PRODUCT_NAME = "$(TARGET_NAME)";
			};
			name = Release;
		};
		DEABFAAC2071C08F00F80986 /* Debug */ = {
			isa = XCBuildConfiguration;
			buildSettings = {
				CLANG_WARN_DOCUMENTATION_COMMENTS = NO;
				CODE_SIGN_STYLE = Automatic;
				HEADER_SEARCH_PATHS = (
					"$(SOURCE_ROOT)/../Externals/CppUnit/build/xcode/include",
					"${SOURCE_ROOT}/../Externals/DocOpt",
				);
				LIBRARY_SEARCH_PATHS = (
					"$(SOURCE_ROOT)/../Externals/CppUnit/build/xcode/lib",
					"${SOURCE_ROOT}/../Externals/DocOpt/build",
				);
				OTHER_LDFLAGS = (
					"-lcppunit",
					"-ldocopt_s",
				);
				PRODUCT_NAME = "$(TARGET_NAME)";
			};
			name = Debug;
		};
		DEABFAAD2071C08F00F80986 /* Release */ = {
			isa = XCBuildConfiguration;
			buildSettings = {
				CLANG_WARN_DOCUMENTATION_COMMENTS = NO;
				CODE_SIGN_STYLE = Automatic;
				HEADER_SEARCH_PATHS = (
					"$(SOURCE_ROOT)/../Externals/CppUnit/build/xcode/include",
					"${SOURCE_ROOT}/../Externals/DocOpt",
				);
				LIBRARY_SEARCH_PATHS = (
					"$(SOURCE_ROOT)/../Externals/CppUnit/build/xcode/lib",
					"${SOURCE_ROOT}/../Externals/DocOpt/build",
				);
				OTHER_LDFLAGS = (
					"-lcppunit",
					"-ldocopt_s",
				);
				PRODUCT_NAME = "$(TARGET_NAME)";
			};
			name = Release;
		};
/* End XCBuildConfiguration section */

/* Begin XCConfigurationList section */
		DEABFA572070953200F80986 /* Build configuration list for PBXProject "DemoCompiler" */ = {
			isa = XCConfigurationList;
			buildConfigurations = (
				DEABFA612070953200F80986 /* Debug */,
				DEABFA622070953200F80986 /* Release */,
			);
			defaultConfigurationIsVisible = 0;
			defaultConfigurationName = Release;
		};
		DEABFA632070953200F80986 /* Build configuration list for PBXNativeTarget "DemoCompilerApp" */ = {
			isa = XCConfigurationList;
			buildConfigurations = (
				DEABFA642070953200F80986 /* Debug */,
				DEABFA652070953200F80986 /* Release */,
			);
			defaultConfigurationIsVisible = 0;
			defaultConfigurationName = Release;
		};
		DEABFAAB2071C08F00F80986 /* Build configuration list for PBXNativeTarget "DemoCompilerTestApp" */ = {
			isa = XCConfigurationList;
			buildConfigurations = (
				DEABFAAC2071C08F00F80986 /* Debug */,
				DEABFAAD2071C08F00F80986 /* Release */,
			);
			defaultConfigurationIsVisible = 0;
			defaultConfigurationName = Release;
		};
/* End XCConfigurationList section */
	};
	rootObject = DEABFA542070953200F80986 /* Project object */;
}
